# THIS IS AN AUTOGENERATED FILE. DO NOT EDIT THIS FILE DIRECTLY.
# yarn lockfile v1


typescript@^4.1.0-dev.20200821:
  version "4.1.0-dev.20200821"
  resolved "https://registry.yarnpkg.com/typescript/-/typescript-4.1.0-dev.20200821.tgz#4c185ba59cd73a657c7d21061f0d7b5c0fcb6115"
  integrity sha512-ECIzTfpOyjsEqQhy/lN4mK0ziFUaDWXZUepRstcjvo5fgn0O6pzRWTPialgKsYgVDsmTxhZgYC6u1/j+lCO4nA==
